
Microsoft Visual Studio Solution File, Format Version 12.00
# Visual Studio Version 17
VisualStudioVersion = 17.0.32126.317
MinimumVisualStudioVersion = 10.0.40219.1
Project("{9A19103F-16F7-4668-BE54-9A1E7A4F7556}") = "AlgimedTask", "AlgimedTask\AlgimedTask.csproj", "{96FEFB84-1166-4679-801E-EF93EB820619}"
EndProject
Project("{54435603-DBB4-11D2-8724-00A0C9A8B90C}") = "Algimed Setup", "Algimed Setup\Algimed Setup.vdproj", "{D48B770B-D24F-416A-A4C8-09C473317AAF}"
EndProject
Global
	GlobalSection(SolutionConfigurationPlatforms) = preSolution
		Debug|Any CPU = Debug|Any CPU
		Release|Any CPU = Release|Any CPU
	EndGlobalSection
	GlobalSection(ProjectConfigurationPlatforms) = postSolution
		{96FEFB84-1166-4679-801E-EF93EB820619}.Debug|Any CPU.ActiveCfg = Debug|Any CPU
		{96FEFB84-1166-4679-801E-EF93EB820619}.Debug|Any CPU.Build.0 = Debug|Any CPU
		{96FEFB84-1166-4679-801E-EF93EB820619}.Release|Any CPU.ActiveCfg = Release|Any CPU
		{96FEFB84-1166-4679-801E-EF93EB820619}.Release|Any CPU.Build.0 = Release|Any CPU
		{D48B770B-D24F-416A-A4C8-09C473317AAF}.Debug|Any CPU.ActiveCfg = Debug
		{D48B770B-D24F-416A-A4C8-09C473317AAF}.Release|Any CPU.ActiveCfg = Release
	EndGlobalSection
	GlobalSection(SolutionProperties) = preSolution
		HideSolutionNode = FALSE
	EndGlobalSection
	GlobalSection(ExtensibilityGlobals) = postSolution
		SolutionGuid = {695D206D-D7D4-47E5-BB4B-8EEC1B270426}
	EndGlobalSection
EndGlobal
