
Microsoft Visual Studio Solution File, Format Version 12.00
# Visual Studio Version 17
VisualStudioVersion = 17.0.32126.317
MinimumVisualStudioVersion = 10.0.40219.1
Project("{FAE04EC0-301F-11D3-BF4B-00C04F79EFBC}") = "AlgimedTask", "AlgimedTask\AlgimedTask.csproj", "{96FEFB84-1166-4679-801E-EF93EB820619}"
EndProject
Global
	GlobalSection(SolutionConfigurationPlatforms) = preSolution
		Debug|Any CPU = Debug|Any CPU
		Release|Any CPU = Release|Any CPU
	EndGlobalSection
	GlobalSection(ProjectConfigurationPlatforms) = postSolution
		{96FEFB84-1166-4679-801E-EF93EB820619}.Debug|Any CPU.ActiveCfg = Debug|Any CPU
		{96FEFB84-1166-4679-801E-EF93EB820619}.Debug|Any CPU.Build.0 = Debug|Any CPU
		{96FEFB84-1166-4679-801E-EF93EB820619}.Release|Any CPU.ActiveCfg = Release|Any CPU
		{96FEFB84-1166-4679-801E-EF93EB820619}.Release|Any CPU.Build.0 = Release|Any CPU
	EndGlobalSection
	GlobalSection(SolutionProperties) = preSolution
		HideSolutionNode = FALSE
	EndGlobalSection
	GlobalSection(ExtensibilityGlobals) = postSolution
		SolutionGuid = {695D206D-D7D4-47E5-BB4B-8EEC1B270426}
	EndGlobalSection
EndGlobal
